// !$*UTF8*$!
{
	archiveVersion = 1;
	classes = {
	};
	objectVersion = 50;
	objects = {

/* Begin PBXBuildFile section */
		3B42D93124FE8F7A00C699FD /* AppDelegate.swift in Sources */ = {isa = PBXBuildFile; fileRef = 3B42D93024FE8F7A00C699FD /* AppDelegate.swift */; };
		3B42D93324FE8F7A00C699FD /* SceneDelegate.swift in Sources */ = {isa = PBXBuildFile; fileRef = 3B42D93224FE8F7A00C699FD /* SceneDelegate.swift */; };
		3B42D93524FE8F7A00C699FD /* MemoryView.swift in Sources */ = {isa = PBXBuildFile; fileRef = 3B42D93424FE8F7A00C699FD /* MemoryView.swift */; };
		3B42D93724FE8F7C00C699FD /* Assets.xcassets in Resources */ = {isa = PBXBuildFile; fileRef = 3B42D93624FE8F7C00C699FD /* Assets.xcassets */; };
		3B42D93A24FE8F7C00C699FD /* Preview Assets.xcassets in Resources */ = {isa = PBXBuildFile; fileRef = 3B42D93924FE8F7C00C699FD /* Preview Assets.xcassets */; };
		3B42D93D24FE8F7C00C699FD /* LaunchScreen.storyboard in Resources */ = {isa = PBXBuildFile; fileRef = 3B42D93B24FE8F7C00C699FD /* LaunchScreen.storyboard */; };
		3B42D94824FE8F7C00C699FD /* MemoryTests.swift in Sources */ = {isa = PBXBuildFile; fileRef = 3B42D94724FE8F7C00C699FD /* MemoryTests.swift */; };
		3B42D95324FE8FC400C699FD /* GuessButtonView.swift in Sources */ = {isa = PBXBuildFile; fileRef = 3B42D95224FE8FC400C699FD /* GuessButtonView.swift */; };
		3B42D95624FE8FD100C699FD /* PlayButtonView.swift in Sources */ = {isa = PBXBuildFile; fileRef = 3B42D95424FE8FD000C699FD /* PlayButtonView.swift */; };
		3B42D95724FE8FD100C699FD /* SequenceView.swift in Sources */ = {isa = PBXBuildFile; fileRef = 3B42D95524FE8FD000C699FD /* SequenceView.swift */; };
		3BAEFB972506608C009786DC /* ViewConstants.swift in Sources */ = {isa = PBXBuildFile; fileRef = 3BAEFB962506608C009786DC /* ViewConstants.swift */; };
/* End PBXBuildFile section */

/* Begin PBXContainerItemProxy section */
		3B42D94424FE8F7C00C699FD /* PBXContainerItemProxy */ = {
			isa = PBXContainerItemProxy;
			containerPortal = 3B42D92524FE8F7A00C699FD /* Project object */;
			proxyType = 1;
			remoteGlobalIDString = 3B42D92C24FE8F7A00C699FD;
			remoteInfo = Memory;
		};
/* End PBXContainerItemProxy section */

/* Begin PBXFileReference section */
		3B42D92D24FE8F7A00C699FD /* Memory.app */ = {isa = PBXFileReference; explicitFileType = wrapper.application; includeInIndex = 0; path = Memory.app; sourceTree = BUILT_PRODUCTS_DIR; };
		3B42D93024FE8F7A00C699FD /* AppDelegate.swift */ = {isa = PBXFileReference; lastKnownFileType = sourcecode.swift; path = AppDelegate.swift; sourceTree = "<group>"; };
		3B42D93224FE8F7A00C699FD /* SceneDelegate.swift */ = {isa = PBXFileReference; lastKnownFileType = sourcecode.swift; path = SceneDelegate.swift; sourceTree = "<group>"; };
		3B42D93424FE8F7A00C699FD /* MemoryView.swift */ = {isa = PBXFileReference; lastKnownFileType = sourcecode.swift; path = MemoryView.swift; sourceTree = "<group>"; };
		3B42D93624FE8F7C00C699FD /* Assets.xcassets */ = {isa = PBXFileReference; lastKnownFileType = folder.assetcatalog; path = Assets.xcassets; sourceTree = "<group>"; };
		3B42D93924FE8F7C00C699FD /* Preview Assets.xcassets */ = {isa = PBXFileReference; lastKnownFileType = folder.assetcatalog; path = "Preview Assets.xcassets"; sourceTree = "<group>"; };
		3B42D93C24FE8F7C00C699FD /* Base */ = {isa = PBXFileReference; lastKnownFileType = file.storyboard; name = Base; path = Base.lproj/LaunchScreen.storyboard; sourceTree = "<group>"; };
		3B42D93E24FE8F7C00C699FD /* Info.plist */ = {isa = PBXFileReference; lastKnownFileType = text.plist.xml; path = Info.plist; sourceTree = "<group>"; };
		3B42D94324FE8F7C00C699FD /* MemoryTests.xctest */ = {isa = PBXFileReference; explicitFileType = wrapper.cfbundle; includeInIndex = 0; path = MemoryTests.xctest; sourceTree = BUILT_PRODUCTS_DIR; };
		3B42D94724FE8F7C00C699FD /* MemoryTests.swift */ = {isa = PBXFileReference; lastKnownFileType = sourcecode.swift; path = MemoryTests.swift; sourceTree = "<group>"; };
		3B42D94924FE8F7C00C699FD /* Info.plist */ = {isa = PBXFileReference; lastKnownFileType = text.plist.xml; path = Info.plist; sourceTree = "<group>"; };
		3B42D95224FE8FC400C699FD /* GuessButtonView.swift */ = {isa = PBXFileReference; fileEncoding = 4; lastKnownFileType = sourcecode.swift; path = GuessButtonView.swift; sourceTree = "<group>"; };
		3B42D95424FE8FD000C699FD /* PlayButtonView.swift */ = {isa = PBXFileReference; lastKnownFileType = sourcecode.swift; path = PlayButtonView.swift; sourceTree = "<group>"; };
		3B42D95524FE8FD000C699FD /* SequenceView.swift */ = {isa = PBXFileReference; lastKnownFileType = sourcecode.swift; path = SequenceView.swift; sourceTree = "<group>"; };
		3BAEFB962506608C009786DC /* ViewConstants.swift */ = {isa = PBXFileReference; lastKnownFileType = sourcecode.swift; path = ViewConstants.swift; sourceTree = "<group>"; };
/* End PBXFileReference section */

/* Begin PBXFrameworksBuildPhase section */
		3B42D92A24FE8F7A00C699FD /* Frameworks */ = {
			isa = PBXFrameworksBuildPhase;
			buildActionMask = 2147483647;
			files = (
			);
			runOnlyForDeploymentPostprocessing = 0;
		};
		3B42D94024FE8F7C00C699FD /* Frameworks */ = {
			isa = PBXFrameworksBuildPhase;
			buildActionMask = 2147483647;
			files = (
			);
			runOnlyForDeploymentPostprocessing = 0;
		};
/* End PBXFrameworksBuildPhase section */

/* Begin PBXGroup section */
		3B42D92424FE8F7A00C699FD = {
			isa = PBXGroup;
			children = (
				3B42D92F24FE8F7A00C699FD /* Memory */,
				3B42D94624FE8F7C00C699FD /* MemoryTests */,
				3B42D92E24FE8F7A00C699FD /* Products */,
			);
			sourceTree = "<group>";
		};
		3B42D92E24FE8F7A00C699FD /* Products */ = {
			isa = PBXGroup;
			children = (
				3B42D92D24FE8F7A00C699FD /* Memory.app */,
				3B42D94324FE8F7C00C699FD /* MemoryTests.xctest */,
			);
			name = Products;
			sourceTree = "<group>";
		};
		3B42D92F24FE8F7A00C699FD /* Memory */ = {
			isa = PBXGroup;
			children = (
				3BAEFB9825066097009786DC /* Views */,
				3B42D93624FE8F7C00C699FD /* Assets.xcassets */,
				3BAEFB99250660AC009786DC /* BoilerPlate */,
				3B42D93E24FE8F7C00C699FD /* Info.plist */,
				3B42D93824FE8F7C00C699FD /* Preview Content */,
			);
			path = Memory;
			sourceTree = "<group>";
		};
		3B42D93824FE8F7C00C699FD /* Preview Content */ = {
			isa = PBXGroup;
			children = (
				3B42D93924FE8F7C00C699FD /* Preview Assets.xcassets */,
			);
			path = "Preview Content";
			sourceTree = "<group>";
		};
		3B42D94624FE8F7C00C699FD /* MemoryTests */ = {
			isa = PBXGroup;
			children = (
				3B42D94724FE8F7C00C699FD /* MemoryTests.swift */,
				3B42D94924FE8F7C00C699FD /* Info.plist */,
			);
			path = MemoryTests;
			sourceTree = "<group>";
		};
		3BAEFB9825066097009786DC /* Views */ = {
			isa = PBXGroup;
			children = (
				3B42D93424FE8F7A00C699FD /* MemoryView.swift */,
				3B42D95224FE8FC400C699FD /* GuessButtonView.swift */,
				3B42D95424FE8FD000C699FD /* PlayButtonView.swift */,
				3B42D95524FE8FD000C699FD /* SequenceView.swift */,
				3BAEFB962506608C009786DC /* ViewConstants.swift */,
			);
			path = Views;
			sourceTree = "<group>";
		};
		3BAEFB99250660AC009786DC /* BoilerPlate */ = {
			isa = PBXGroup;
			children = (
				3B42D93224FE8F7A00C699FD /* SceneDelegate.swift */,
				3B42D93024FE8F7A00C699FD /* AppDelegate.swift */,
				3B42D93B24FE8F7C00C699FD /* LaunchScreen.storyboard */,
			);
			path = BoilerPlate;
			sourceTree = "<group>";
		};
/* End PBXGroup section */

/* Begin PBXNativeTarget section */
		3B42D92C24FE8F7A00C699FD /* Memory */ = {
			isa = PBXNativeTarget;
			buildConfigurationList = 3B42D94C24FE8F7C00C699FD /* Build configuration list for PBXNativeTarget "Memory" */;
			buildPhases = (
				3B42D92924FE8F7A00C699FD /* Sources */,
				3B42D92A24FE8F7A00C699FD /* Frameworks */,
				3B42D92B24FE8F7A00C699FD /* Resources */,
			);
			buildRules = (
			);
			dependencies = (
			);
			name = Memory;
			productName = Memory;
			productReference = 3B42D92D24FE8F7A00C699FD /* Memory.app */;
			productType = "com.apple.product-type.application";
		};
		3B42D94224FE8F7C00C699FD /* MemoryTests */ = {
			isa = PBXNativeTarget;
			buildConfigurationList = 3B42D94F24FE8F7C00C699FD /* Build configuration list for PBXNativeTarget "MemoryTests" */;
			buildPhases = (
				3B42D93F24FE8F7C00C699FD /* Sources */,
				3B42D94024FE8F7C00C699FD /* Frameworks */,
				3B42D94124FE8F7C00C699FD /* Resources */,
			);
			buildRules = (
			);
			dependencies = (
				3B42D94524FE8F7C00C699FD /* PBXTargetDependency */,
			);
			name = MemoryTests;
			productName = MemoryTests;
			productReference = 3B42D94324FE8F7C00C699FD /* MemoryTests.xctest */;
			productType = "com.apple.product-type.bundle.unit-test";
		};
/* End PBXNativeTarget section */

/* Begin PBXProject section */
		3B42D92524FE8F7A00C699FD /* Project object */ = {
			isa = PBXProject;
			attributes = {
				LastSwiftUpdateCheck = 1160;
				LastUpgradeCheck = 1160;
				ORGANIZATIONNAME = jjh9;
				TargetAttributes = {
					3B42D92C24FE8F7A00C699FD = {
						CreatedOnToolsVersion = 11.6;
					};
					3B42D94224FE8F7C00C699FD = {
						CreatedOnToolsVersion = 11.6;
						TestTargetID = 3B42D92C24FE8F7A00C699FD;
					};
				};
			};
			buildConfigurationList = 3B42D92824FE8F7A00C699FD /* Build configuration list for PBXProject "Memory" */;
			compatibilityVersion = "Xcode 9.3";
			developmentRegion = en;
			hasScannedForEncodings = 0;
			knownRegions = (
				en,
				Base,
			);
			mainGroup = 3B42D92424FE8F7A00C699FD;
			productRefGroup = 3B42D92E24FE8F7A00C699FD /* Products */;
			projectDirPath = "";
			projectRoot = "";
			targets = (
				3B42D92C24FE8F7A00C699FD /* Memory */,
				3B42D94224FE8F7C00C699FD /* MemoryTests */,
			);
		};
/* End PBXProject section */

/* Begin PBXResourcesBuildPhase section */
		3B42D92B24FE8F7A00C699FD /* Resources */ = {
			isa = PBXResourcesBuildPhase;
			buildActionMask = 2147483647;
			files = (
				3B42D93D24FE8F7C00C699FD /* LaunchScreen.storyboard in Resources */,
				3B42D93A24FE8F7C00C699FD /* Preview Assets.xcassets in Resources */,
				3B42D93724FE8F7C00C699FD /* Assets.xcassets in Resources */,
			);
			runOnlyForDeploymentPostprocessing = 0;
		};
		3B42D94124FE8F7C00C699FD /* Resources */ = {
			isa = PBXResourcesBuildPhase;
			buildActionMask = 2147483647;
			files = (
			);
			runOnlyForDeploymentPostprocessing = 0;
		};
/* End PBXResourcesBuildPhase section */

/* Begin PBXSourcesBuildPhase section */
		3B42D92924FE8F7A00C699FD /* Sources */ = {
			isa = PBXSourcesBuildPhase;
			buildActionMask = 2147483647;
			files = (
				3B42D93124FE8F7A00C699FD /* AppDelegate.swift in Sources */,
				3B42D93324FE8F7A00C699FD /* SceneDelegate.swift in Sources */,
				3BAEFB972506608C009786DC /* ViewConstants.swift in Sources */,
				3B42D95624FE8FD100C699FD /* PlayButtonView.swift in Sources */,
				3B42D95324FE8FC400C699FD /* GuessButtonView.swift in Sources */,
				3B42D93524FE8F7A00C699FD /* MemoryView.swift in Sources */,
				3B42D95724FE8FD100C699FD /* SequenceView.swift in Sources */,
			);
			runOnlyForDeploymentPostprocessing = 0;
		};
		3B42D93F24FE8F7C00C699FD /* Sources */ = {
			isa = PBXSourcesBuildPhase;
			buildActionMask = 2147483647;
			files = (
				3B42D94824FE8F7C00C699FD /* MemoryTests.swift in Sources */,
			);
			runOnlyForDeploymentPostprocessing = 0;
		};
/* End PBXSourcesBuildPhase section */

/* Begin PBXTargetDependency section */
		3B42D94524FE8F7C00C699FD /* PBXTargetDependency */ = {
			isa = PBXTargetDependency;
			target = 3B42D92C24FE8F7A00C699FD /* Memory */;
			targetProxy = 3B42D94424FE8F7C00C699FD /* PBXContainerItemProxy */;
		};
/* End PBXTargetDependency section */

/* Begin PBXVariantGroup section */
		3B42D93B24FE8F7C00C699FD /* LaunchScreen.storyboard */ = {
			isa = PBXVariantGroup;
			children = (
				3B42D93C24FE8F7C00C699FD /* Base */,
			);
			name = LaunchScreen.storyboard;
			sourceTree = "<group>";
		};
/* End PBXVariantGroup section */

/* Begin XCBuildConfiguration section */
		3B42D94A24FE8F7C00C699FD /* Debug */ = {
			isa = XCBuildConfiguration;
			buildSettings = {
				ALWAYS_SEARCH_USER_PATHS = NO;
				CLANG_ANALYZER_NONNULL = YES;
				CLANG_ANALYZER_NUMBER_OBJECT_CONVERSION = YES_AGGRESSIVE;
				CLANG_CXX_LANGUAGE_STANDARD = "gnu++14";
				CLANG_CXX_LIBRARY = "libc++";
				CLANG_ENABLE_MODULES = YES;
				CLANG_ENABLE_OBJC_ARC = YES;
				CLANG_ENABLE_OBJC_WEAK = YES;
				CLANG_WARN_BLOCK_CAPTURE_AUTORELEASING = YES;
				CLANG_WARN_BOOL_CONVERSION = YES;
				CLANG_WARN_COMMA = YES;
				CLANG_WARN_CONSTANT_CONVERSION = YES;
				CLANG_WARN_DEPRECATED_OBJC_IMPLEMENTATIONS = YES;
				CLANG_WARN_DIRECT_OBJC_ISA_USAGE = YES_ERROR;
				CLANG_WARN_DOCUMENTATION_COMMENTS = YES;
				CLANG_WARN_EMPTY_BODY = YES;
				CLANG_WARN_ENUM_CONVERSION = YES;
				CLANG_WARN_INFINITE_RECURSION = YES;
				CLANG_WARN_INT_CONVERSION = YES;
				CLANG_WARN_NON_LITERAL_NULL_CONVERSION = YES;
				CLANG_WARN_OBJC_IMPLICIT_RETAIN_SELF = YES;
				CLANG_WARN_OBJC_LITERAL_CONVERSION = YES;
				CLANG_WARN_OBJC_ROOT_CLASS = YES_ERROR;
				CLANG_WARN_RANGE_LOOP_ANALYSIS = YES;
				CLANG_WARN_STRICT_PROTOTYPES = YES;
				CLANG_WARN_SUSPICIOUS_MOVE = YES;
				CLANG_WARN_UNGUARDED_AVAILABILITY = YES_AGGRESSIVE;
				CLANG_WARN_UNREACHABLE_CODE = YES;
				CLANG_WARN__DUPLICATE_METHOD_MATCH = YES;
				COPY_PHASE_STRIP = NO;
				DEBUG_INFORMATION_FORMAT = dwarf;
				ENABLE_STRICT_OBJC_MSGSEND = YES;
				ENABLE_TESTABILITY = YES;
				GCC_C_LANGUAGE_STANDARD = gnu11;
				GCC_DYNAMIC_NO_PIC = NO;
				GCC_NO_COMMON_BLOCKS = YES;
				GCC_OPTIMIZATION_LEVEL = 0;
				GCC_PREPROCESSOR_DEFINITIONS = (
					"DEBUG=1",
					"$(inherited)",
				);
				GCC_WARN_64_TO_32_BIT_CONVERSION = YES;
				GCC_WARN_ABOUT_RETURN_TYPE = YES_ERROR;
				GCC_WARN_UNDECLARED_SELECTOR = YES;
				GCC_WARN_UNINITIALIZED_AUTOS = YES_AGGRESSIVE;
				GCC_WARN_UNUSED_FUNCTION = YES;
				GCC_WARN_UNUSED_VARIABLE = YES;
				IPHONEOS_DEPLOYMENT_TARGET = 13.6;
				MTL_ENABLE_DEBUG_INFO = INCLUDE_SOURCE;
				MTL_FAST_MATH = YES;
				ONLY_ACTIVE_ARCH = YES;
				SDKROOT = iphoneos;
				SWIFT_ACTIVE_COMPILATION_CONDITIONS = DEBUG;
				SWIFT_OPTIMIZATION_LEVEL = "-Onone";
			};
			name = Debug;
		};
		3B42D94B24FE8F7C00C699FD /* Release */ = {
			isa = XCBuildConfiguration;
			buildSettings = {
				ALWAYS_SEARCH_USER_PATHS = NO;
				CLANG_ANALYZER_NONNULL = YES;
				CLANG_ANALYZER_NUMBER_OBJECT_CONVERSION = YES_AGGRESSIVE;
				CLANG_CXX_LANGUAGE_STANDARD = "gnu++14";
				CLANG_CXX_LIBRARY = "libc++";
				CLANG_ENABLE_MODULES = YES;
				CLANG_ENABLE_OBJC_ARC = YES;
				CLANG_ENABLE_OBJC_WEAK = YES;
				CLANG_WARN_BLOCK_CAPTURE_AUTORELEASING = YES;
				CLANG_WARN_BOOL_CONVERSION = YES;
				CLANG_WARN_COMMA = YES;
				CLANG_WARN_CONSTANT_CONVERSION = YES;
				CLANG_WARN_DEPRECATED_OBJC_IMPLEMENTATIONS = YES;
				CLANG_WARN_DIRECT_OBJC_ISA_USAGE = YES_ERROR;
				CLANG_WARN_DOCUMENTATION_COMMENTS = YES;
				CLANG_WARN_EMPTY_BODY = YES;
				CLANG_WARN_ENUM_CONVERSION = YES;
				CLANG_WARN_INFINITE_RECURSION = YES;
				CLANG_WARN_INT_CONVERSION = YES;
				CLANG_WARN_NON_LITERAL_NULL_CONVERSION = YES;
				CLANG_WARN_OBJC_IMPLICIT_RETAIN_SELF = YES;
				CLANG_WARN_OBJC_LITERAL_CONVERSION = YES;
				CLANG_WARN_OBJC_ROOT_CLASS = YES_ERROR;
				CLANG_WARN_RANGE_LOOP_ANALYSIS = YES;
				CLANG_WARN_STRICT_PROTOTYPES = YES;
				CLANG_WARN_SUSPICIOUS_MOVE = YES;
				CLANG_WARN_UNGUARDED_AVAILABILITY = YES_AGGRESSIVE;
				CLANG_WARN_UNREACHABLE_CODE = YES;
				CLANG_WARN__DUPLICATE_METHOD_MATCH = YES;
				COPY_PHASE_STRIP = NO;
				DEBUG_INFORMATION_FORMAT = "dwarf-with-dsym";
				ENABLE_NS_ASSERTIONS = NO;
				ENABLE_STRICT_OBJC_MSGSEND = YES;
				GCC_C_LANGUAGE_STANDARD = gnu11;
				GCC_NO_COMMON_BLOCKS = YES;
				GCC_WARN_64_TO_32_BIT_CONVERSION = YES;
				GCC_WARN_ABOUT_RETURN_TYPE = YES_ERROR;
				GCC_WARN_UNDECLARED_SELECTOR = YES;
				GCC_WARN_UNINITIALIZED_AUTOS = YES_AGGRESSIVE;
				GCC_WARN_UNUSED_FUNCTION = YES;
				GCC_WARN_UNUSED_VARIABLE = YES;
				IPHONEOS_DEPLOYMENT_TARGET = 13.6;
				MTL_ENABLE_DEBUG_INFO = NO;
				MTL_FAST_MATH = YES;
				SDKROOT = iphoneos;
				SWIFT_COMPILATION_MODE = wholemodule;
				SWIFT_OPTIMIZATION_LEVEL = "-O";
				VALIDATE_PRODUCT = YES;
			};
			name = Release;
		};
		3B42D94D24FE8F7C00C699FD /* Debug */ = {
			isa = XCBuildConfiguration;
			buildSettings = {
				ASSETCATALOG_COMPILER_APPICON_NAME = Memory;
				CODE_SIGN_STYLE = Automatic;
				DEVELOPMENT_ASSET_PATHS = "\"Memory/Preview Content\"";
				DEVELOPMENT_TEAM = 9QQAQWEZF8;
				ENABLE_PREVIEWS = YES;
				INFOPLIST_FILE = Memory/Info.plist;
				LD_RUNPATH_SEARCH_PATHS = (
					"$(inherited)",
					"@executable_path/Frameworks",
				);
				PRODUCT_BUNDLE_IDENTIFIER = edu.psu.cse.hannan.Memory;
				PRODUCT_NAME = "$(TARGET_NAME)";
				SWIFT_VERSION = 5.0;
				TARGETED_DEVICE_FAMILY = "1,2";
			};
			name = Debug;
		};
		3B42D94E24FE8F7C00C699FD /* Release */ = {
			isa = XCBuildConfiguration;
			buildSettings = {
				ASSETCATALOG_COMPILER_APPICON_NAME = Memory;
				CODE_SIGN_STYLE = Automatic;
				DEVELOPMENT_ASSET_PATHS = "\"Memory/Preview Content\"";
				DEVELOPMENT_TEAM = 9QQAQWEZF8;
				ENABLE_PREVIEWS = YES;
				INFOPLIST_FILE = Memory/Info.plist;
				LD_RUNPATH_SEARCH_PATHS = (
					"$(inherited)",
					"@executable_path/Frameworks",
				);
				PRODUCT_BUNDLE_IDENTIFIER = edu.psu.cse.hannan.Memory;
				PRODUCT_NAME = "$(TARGET_NAME)";
				SWIFT_VERSION = 5.0;
				TARGETED_DEVICE_FAMILY = "1,2";
			};
			name = Release;
		};
		3B42D95024FE8F7C00C699FD /* Debug */ = {
			isa = XCBuildConfiguration;
			buildSettings = {
				ALWAYS_EMBED_SWIFT_STANDARD_LIBRARIES = YES;
				BUNDLE_LOADER = "$(TEST_HOST)";
				CODE_SIGN_STYLE = Automatic;
				DEVELOPMENT_TEAM = 9QQAQWEZF8;
				INFOPLIST_FILE = MemoryTests/Info.plist;
				IPHONEOS_DEPLOYMENT_TARGET = 13.6;
				LD_RUNPATH_SEARCH_PATHS = (
					"$(inherited)",
					"@executable_path/Frameworks",
					"@loader_path/Frameworks",
				);
				PRODUCT_BUNDLE_IDENTIFIER = edu.psu.cse.hannan.MemoryTests;
				PRODUCT_NAME = "$(TARGET_NAME)";
				SWIFT_VERSION = 5.0;
				TARGETED_DEVICE_FAMILY = "1,2";
				TEST_HOST = "$(BUILT_PRODUCTS_DIR)/Memory.app/Memory";
			};
			name = Debug;
		};
		3B42D95124FE8F7C00C699FD /* Release */ = {
			isa = XCBuildConfiguration;
			buildSettings = {
				ALWAYS_EMBED_SWIFT_STANDARD_LIBRARIES = YES;
				BUNDLE_LOADER = "$(TEST_HOST)";
				CODE_SIGN_STYLE = Automatic;
				DEVELOPMENT_TEAM = 9QQAQWEZF8;
				INFOPLIST_FILE = MemoryTests/Info.plist;
				IPHONEOS_DEPLOYMENT_TARGET = 13.6;
				LD_RUNPATH_SEARCH_PATHS = (
					"$(inherited)",
					"@executable_path/Frameworks",
					"@loader_path/Frameworks",
				);
				PRODUCT_BUNDLE_IDENTIFIER = edu.psu.cse.hannan.MemoryTests;
				PRODUCT_NAME = "$(TARGET_NAME)";
				SWIFT_VERSION = 5.0;
				TARGETED_DEVICE_FAMILY = "1,2";
				TEST_HOST = "$(BUILT_PRODUCTS_DIR)/Memory.app/Memory";
			};
			name = Release;
		};
/* End XCBuildConfiguration section */

/* Begin XCConfigurationList section */
		3B42D92824FE8F7A00C699FD /* Build configuration list for PBXProject "Memory" */ = {
			isa = XCConfigurationList;
			buildConfigurations = (
				3B42D94A24FE8F7C00C699FD /* Debug */,
				3B42D94B24FE8F7C00C699FD /* Release */,
			);
			defaultConfigurationIsVisible = 0;
			defaultConfigurationName = Release;
		};
		3B42D94C24FE8F7C00C699FD /* Build configuration list for PBXNativeTarget "Memory" */ = {
			isa = XCConfigurationList;
			buildConfigurations = (
				3B42D94D24FE8F7C00C699FD /* Debug */,
				3B42D94E24FE8F7C00C699FD /* Release */,
			);
			defaultConfigurationIsVisible = 0;
			defaultConfigurationName = Release;
		};
		3B42D94F24FE8F7C00C699FD /* Build configuration list for PBXNativeTarget "MemoryTests" */ = {
			isa = XCConfigurationList;
			buildConfigurations = (
				3B42D95024FE8F7C00C699FD /* Debug */,
				3B42D95124FE8F7C00C699FD /* Release */,
			);
			defaultConfigurationIsVisible = 0;
			defaultConfigurationName = Release;
		};
/* End XCConfigurationList section */
	};
	rootObject = 3B42D92524FE8F7A00C699FD /* Project object */;
}
