// !$*UTF8*$!
{
	archiveVersion = 1;
	classes = {
	};
	objectVersion = 50;
	objects = {

/* Begin PBXBuildFile section */
		3B07A9982533598200129A7B /* Do_It_NowApp.swift in Sources */ = {isa = PBXBuildFile; fileRef = 3B07A9972533598200129A7B /* Do_It_NowApp.swift */; };
		3B07A99A2533598200129A7B /* ContentView.swift in Sources */ = {isa = PBXBuildFile; fileRef = 3B07A9992533598200129A7B /* ContentView.swift */; };
		3B07A99C2533598300129A7B /* Assets.xcassets in Resources */ = {isa = PBXBuildFile; fileRef = 3B07A99B2533598300129A7B /* Assets.xcassets */; };
		3B07A99F2533598300129A7B /* Preview Assets.xcassets in Resources */ = {isa = PBXBuildFile; fileRef = 3B07A99E2533598300129A7B /* Preview Assets.xcassets */; };
		3B07A9AB25335B2900129A7B /* TaskManager.swift in Sources */ = {isa = PBXBuildFile; fileRef = 3B07A9AA25335B2900129A7B /* TaskManager.swift */; };
		3B07A9AE25335BB000129A7B /* Tasks.swift in Sources */ = {isa = PBXBuildFile; fileRef = 3B07A9AD25335BB000129A7B /* Tasks.swift */; };
		3B07A9B125335CEF00129A7B /* TaskListView.swift in Sources */ = {isa = PBXBuildFile; fileRef = 3B07A9B025335CEF00129A7B /* TaskListView.swift */; };
/* End PBXBuildFile section */

/* Begin PBXFileReference section */
		3B07A9942533598200129A7B /* Do It Now.app */ = {isa = PBXFileReference; explicitFileType = wrapper.application; includeInIndex = 0; path = "Do It Now.app"; sourceTree = BUILT_PRODUCTS_DIR; };
		3B07A9972533598200129A7B /* Do_It_NowApp.swift */ = {isa = PBXFileReference; lastKnownFileType = sourcecode.swift; path = Do_It_NowApp.swift; sourceTree = "<group>"; };
		3B07A9992533598200129A7B /* ContentView.swift */ = {isa = PBXFileReference; lastKnownFileType = sourcecode.swift; path = ContentView.swift; sourceTree = "<group>"; };
		3B07A99B2533598300129A7B /* Assets.xcassets */ = {isa = PBXFileReference; lastKnownFileType = folder.assetcatalog; path = Assets.xcassets; sourceTree = "<group>"; };
		3B07A99E2533598300129A7B /* Preview Assets.xcassets */ = {isa = PBXFileReference; lastKnownFileType = folder.assetcatalog; path = "Preview Assets.xcassets"; sourceTree = "<group>"; };
		3B07A9A02533598300129A7B /* Info.plist */ = {isa = PBXFileReference; lastKnownFileType = text.plist.xml; path = Info.plist; sourceTree = "<group>"; };
		3B07A9AA25335B2900129A7B /* TaskManager.swift */ = {isa = PBXFileReference; lastKnownFileType = sourcecode.swift; path = TaskManager.swift; sourceTree = "<group>"; };
		3B07A9AD25335BB000129A7B /* Tasks.swift */ = {isa = PBXFileReference; lastKnownFileType = sourcecode.swift; path = Tasks.swift; sourceTree = "<group>"; };
		3B07A9B025335CEF00129A7B /* TaskListView.swift */ = {isa = PBXFileReference; lastKnownFileType = sourcecode.swift; path = TaskListView.swift; sourceTree = "<group>"; };
/* End PBXFileReference section */

/* Begin PBXFrameworksBuildPhase section */
		3B07A9912533598200129A7B /* Frameworks */ = {
			isa = PBXFrameworksBuildPhase;
			buildActionMask = 2147483647;
			files = (
			);
			runOnlyForDeploymentPostprocessing = 0;
		};
/* End PBXFrameworksBuildPhase section */

/* Begin PBXGroup section */
		3B07A98B2533598200129A7B = {
			isa = PBXGroup;
			children = (
				3B07A9962533598200129A7B /* Do It Now */,
				3B07A9952533598200129A7B /* Products */,
			);
			sourceTree = "<group>";
		};
		3B07A9952533598200129A7B /* Products */ = {
			isa = PBXGroup;
			children = (
				3B07A9942533598200129A7B /* Do It Now.app */,
			);
			name = Products;
			sourceTree = "<group>";
		};
		3B07A9962533598200129A7B /* Do It Now */ = {
			isa = PBXGroup;
			children = (
				3B07A9972533598200129A7B /* Do_It_NowApp.swift */,
				3B07A9992533598200129A7B /* ContentView.swift */,
				3B07A99B2533598300129A7B /* Assets.xcassets */,
				3B07A9AA25335B2900129A7B /* TaskManager.swift */,
				3B07A9AD25335BB000129A7B /* Tasks.swift */,
				3B07A9B025335CEF00129A7B /* TaskListView.swift */,
				3B07A9A02533598300129A7B /* Info.plist */,
				3B07A99D2533598300129A7B /* Preview Content */,
			);
			path = "Do It Now";
			sourceTree = "<group>";
		};
		3B07A99D2533598300129A7B /* Preview Content */ = {
			isa = PBXGroup;
			children = (
				3B07A99E2533598300129A7B /* Preview Assets.xcassets */,
			);
			path = "Preview Content";
			sourceTree = "<group>";
		};
/* End PBXGroup section */

/* Begin PBXNativeTarget section */
		3B07A9932533598200129A7B /* Do It Now */ = {
			isa = PBXNativeTarget;
			buildConfigurationList = 3B07A9A32533598300129A7B /* Build configuration list for PBXNativeTarget "Do It Now" */;
			buildPhases = (
				3B07A9902533598200129A7B /* Sources */,
				3B07A9912533598200129A7B /* Frameworks */,
				3B07A9922533598200129A7B /* Resources */,
			);
			buildRules = (
			);
			dependencies = (
			);
			name = "Do It Now";
			productName = "Do It Now";
			productReference = 3B07A9942533598200129A7B /* Do It Now.app */;
			productType = "com.apple.product-type.application";
		};
/* End PBXNativeTarget section */

/* Begin PBXProject section */
		3B07A98C2533598200129A7B /* Project object */ = {
			isa = PBXProject;
			attributes = {
				LastSwiftUpdateCheck = 1200;
				LastUpgradeCheck = 1200;
				TargetAttributes = {
					3B07A9932533598200129A7B = {
						CreatedOnToolsVersion = 12.0.1;
					};
				};
			};
			buildConfigurationList = 3B07A98F2533598200129A7B /* Build configuration list for PBXProject "Do It Now" */;
			compatibilityVersion = "Xcode 9.3";
			developmentRegion = en;
			hasScannedForEncodings = 0;
			knownRegions = (
				en,
				Base,
			);
			mainGroup = 3B07A98B2533598200129A7B;
			productRefGroup = 3B07A9952533598200129A7B /* Products */;
			projectDirPath = "";
			projectRoot = "";
			targets = (
				3B07A9932533598200129A7B /* Do It Now */,
			);
		};
/* End PBXProject section */

/* Begin PBXResourcesBuildPhase section */
		3B07A9922533598200129A7B /* Resources */ = {
			isa = PBXResourcesBuildPhase;
			buildActionMask = 2147483647;
			files = (
				3B07A99F2533598300129A7B /* Preview Assets.xcassets in Resources */,
				3B07A99C2533598300129A7B /* Assets.xcassets in Resources */,
			);
			runOnlyForDeploymentPostprocessing = 0;
		};
/* End PBXResourcesBuildPhase section */

/* Begin PBXSourcesBuildPhase section */
		3B07A9902533598200129A7B /* Sources */ = {
			isa = PBXSourcesBuildPhase;
			buildActionMask = 2147483647;
			files = (
				3B07A9AE25335BB000129A7B /* Tasks.swift in Sources */,
				3B07A9AB25335B2900129A7B /* TaskManager.swift in Sources */,
				3B07A9B125335CEF00129A7B /* TaskListView.swift in Sources */,
				3B07A99A2533598200129A7B /* ContentView.swift in Sources */,
				3B07A9982533598200129A7B /* Do_It_NowApp.swift in Sources */,
			);
			runOnlyForDeploymentPostprocessing = 0;
		};
/* End PBXSourcesBuildPhase section */

/* Begin XCBuildConfiguration section */
		3B07A9A12533598300129A7B /* Debug */ = {
			isa = XCBuildConfiguration;
			buildSettings = {
				ALWAYS_SEARCH_USER_PATHS = NO;
				CLANG_ANALYZER_NONNULL = YES;
				CLANG_ANALYZER_NUMBER_OBJECT_CONVERSION = YES_AGGRESSIVE;
				CLANG_CXX_LANGUAGE_STANDARD = "gnu++14";
				CLANG_CXX_LIBRARY = "libc++";
				CLANG_ENABLE_MODULES = YES;
				CLANG_ENABLE_OBJC_ARC = YES;
				CLANG_ENABLE_OBJC_WEAK = YES;
				CLANG_WARN_BLOCK_CAPTURE_AUTORELEASING = YES;
				CLANG_WARN_BOOL_CONVERSION = YES;
				CLANG_WARN_COMMA = YES;
				CLANG_WARN_CONSTANT_CONVERSION = YES;
				CLANG_WARN_DEPRECATED_OBJC_IMPLEMENTATIONS = YES;
				CLANG_WARN_DIRECT_OBJC_ISA_USAGE = YES_ERROR;
				CLANG_WARN_DOCUMENTATION_COMMENTS = YES;
				CLANG_WARN_EMPTY_BODY = YES;
				CLANG_WARN_ENUM_CONVERSION = YES;
				CLANG_WARN_INFINITE_RECURSION = YES;
				CLANG_WARN_INT_CONVERSION = YES;
				CLANG_WARN_NON_LITERAL_NULL_CONVERSION = YES;
				CLANG_WARN_OBJC_IMPLICIT_RETAIN_SELF = YES;
				CLANG_WARN_OBJC_LITERAL_CONVERSION = YES;
				CLANG_WARN_OBJC_ROOT_CLASS = YES_ERROR;
				CLANG_WARN_QUOTED_INCLUDE_IN_FRAMEWORK_HEADER = YES;
				CLANG_WARN_RANGE_LOOP_ANALYSIS = YES;
				CLANG_WARN_STRICT_PROTOTYPES = YES;
				CLANG_WARN_SUSPICIOUS_MOVE = YES;
				CLANG_WARN_UNGUARDED_AVAILABILITY = YES_AGGRESSIVE;
				CLANG_WARN_UNREACHABLE_CODE = YES;
				CLANG_WARN__DUPLICATE_METHOD_MATCH = YES;
				COPY_PHASE_STRIP = NO;
				DEBUG_INFORMATION_FORMAT = dwarf;
				ENABLE_STRICT_OBJC_MSGSEND = YES;
				ENABLE_TESTABILITY = YES;
				GCC_C_LANGUAGE_STANDARD = gnu11;
				GCC_DYNAMIC_NO_PIC = NO;
				GCC_NO_COMMON_BLOCKS = YES;
				GCC_OPTIMIZATION_LEVEL = 0;
				GCC_PREPROCESSOR_DEFINITIONS = (
					"DEBUG=1",
					"$(inherited)",
				);
				GCC_WARN_64_TO_32_BIT_CONVERSION = YES;
				GCC_WARN_ABOUT_RETURN_TYPE = YES_ERROR;
				GCC_WARN_UNDECLARED_SELECTOR = YES;
				GCC_WARN_UNINITIALIZED_AUTOS = YES_AGGRESSIVE;
				GCC_WARN_UNUSED_FUNCTION = YES;
				GCC_WARN_UNUSED_VARIABLE = YES;
				IPHONEOS_DEPLOYMENT_TARGET = 14.0;
				MTL_ENABLE_DEBUG_INFO = INCLUDE_SOURCE;
				MTL_FAST_MATH = YES;
				ONLY_ACTIVE_ARCH = YES;
				SDKROOT = iphoneos;
				SWIFT_ACTIVE_COMPILATION_CONDITIONS = DEBUG;
				SWIFT_OPTIMIZATION_LEVEL = "-Onone";
			};
			name = Debug;
		};
		3B07A9A22533598300129A7B /* Release */ = {
			isa = XCBuildConfiguration;
			buildSettings = {
				ALWAYS_SEARCH_USER_PATHS = NO;
				CLANG_ANALYZER_NONNULL = YES;
				CLANG_ANALYZER_NUMBER_OBJECT_CONVERSION = YES_AGGRESSIVE;
				CLANG_CXX_LANGUAGE_STANDARD = "gnu++14";
				CLANG_CXX_LIBRARY = "libc++";
				CLANG_ENABLE_MODULES = YES;
				CLANG_ENABLE_OBJC_ARC = YES;
				CLANG_ENABLE_OBJC_WEAK = YES;
				CLANG_WARN_BLOCK_CAPTURE_AUTORELEASING = YES;
				CLANG_WARN_BOOL_CONVERSION = YES;
				CLANG_WARN_COMMA = YES;
				CLANG_WARN_CONSTANT_CONVERSION = YES;
				CLANG_WARN_DEPRECATED_OBJC_IMPLEMENTATIONS = YES;
				CLANG_WARN_DIRECT_OBJC_ISA_USAGE = YES_ERROR;
				CLANG_WARN_DOCUMENTATION_COMMENTS = YES;
				CLANG_WARN_EMPTY_BODY = YES;
				CLANG_WARN_ENUM_CONVERSION = YES;
				CLANG_WARN_INFINITE_RECURSION = YES;
				CLANG_WARN_INT_CONVERSION = YES;
				CLANG_WARN_NON_LITERAL_NULL_CONVERSION = YES;
				CLANG_WARN_OBJC_IMPLICIT_RETAIN_SELF = YES;
				CLANG_WARN_OBJC_LITERAL_CONVERSION = YES;
				CLANG_WARN_OBJC_ROOT_CLASS = YES_ERROR;
				CLANG_WARN_QUOTED_INCLUDE_IN_FRAMEWORK_HEADER = YES;
				CLANG_WARN_RANGE_LOOP_ANALYSIS = YES;
				CLANG_WARN_STRICT_PROTOTYPES = YES;
				CLANG_WARN_SUSPICIOUS_MOVE = YES;
				CLANG_WARN_UNGUARDED_AVAILABILITY = YES_AGGRESSIVE;
				CLANG_WARN_UNREACHABLE_CODE = YES;
				CLANG_WARN__DUPLICATE_METHOD_MATCH = YES;
				COPY_PHASE_STRIP = NO;
				DEBUG_INFORMATION_FORMAT = "dwarf-with-dsym";
				ENABLE_NS_ASSERTIONS = NO;
				ENABLE_STRICT_OBJC_MSGSEND = YES;
				GCC_C_LANGUAGE_STANDARD = gnu11;
				GCC_NO_COMMON_BLOCKS = YES;
				GCC_WARN_64_TO_32_BIT_CONVERSION = YES;
				GCC_WARN_ABOUT_RETURN_TYPE = YES_ERROR;
				GCC_WARN_UNDECLARED_SELECTOR = YES;
				GCC_WARN_UNINITIALIZED_AUTOS = YES_AGGRESSIVE;
				GCC_WARN_UNUSED_FUNCTION = YES;
				GCC_WARN_UNUSED_VARIABLE = YES;
				IPHONEOS_DEPLOYMENT_TARGET = 14.0;
				MTL_ENABLE_DEBUG_INFO = NO;
				MTL_FAST_MATH = YES;
				SDKROOT = iphoneos;
				SWIFT_COMPILATION_MODE = wholemodule;
				SWIFT_OPTIMIZATION_LEVEL = "-O";
				VALIDATE_PRODUCT = YES;
			};
			name = Release;
		};
		3B07A9A42533598300129A7B /* Debug */ = {
			isa = XCBuildConfiguration;
			buildSettings = {
				ASSETCATALOG_COMPILER_APPICON_NAME = AppIcon;
				ASSETCATALOG_COMPILER_GLOBAL_ACCENT_COLOR_NAME = AccentColor;
				CODE_SIGN_STYLE = Automatic;
				DEVELOPMENT_ASSET_PATHS = "\"Do It Now/Preview Content\"";
				DEVELOPMENT_TEAM = 9QQAQWEZF8;
				ENABLE_PREVIEWS = YES;
				INFOPLIST_FILE = "Do It Now/Info.plist";
				IPHONEOS_DEPLOYMENT_TARGET = 14.0;
				LD_RUNPATH_SEARCH_PATHS = (
					"$(inherited)",
					"@executable_path/Frameworks",
				);
				PRODUCT_BUNDLE_IDENTIFIER = "edu.psu.cse.hannan.Do-It-Now";
				PRODUCT_NAME = "$(TARGET_NAME)";
				SWIFT_VERSION = 5.0;
				TARGETED_DEVICE_FAMILY = "1,2";
			};
			name = Debug;
		};
		3B07A9A52533598300129A7B /* Release */ = {
			isa = XCBuildConfiguration;
			buildSettings = {
				ASSETCATALOG_COMPILER_APPICON_NAME = AppIcon;
				ASSETCATALOG_COMPILER_GLOBAL_ACCENT_COLOR_NAME = AccentColor;
				CODE_SIGN_STYLE = Automatic;
				DEVELOPMENT_ASSET_PATHS = "\"Do It Now/Preview Content\"";
				DEVELOPMENT_TEAM = 9QQAQWEZF8;
				ENABLE_PREVIEWS = YES;
				INFOPLIST_FILE = "Do It Now/Info.plist";
				IPHONEOS_DEPLOYMENT_TARGET = 14.0;
				LD_RUNPATH_SEARCH_PATHS = (
					"$(inherited)",
					"@executable_path/Frameworks",
				);
				PRODUCT_BUNDLE_IDENTIFIER = "edu.psu.cse.hannan.Do-It-Now";
				PRODUCT_NAME = "$(TARGET_NAME)";
				SWIFT_VERSION = 5.0;
				TARGETED_DEVICE_FAMILY = "1,2";
			};
			name = Release;
		};
/* End XCBuildConfiguration section */

/* Begin XCConfigurationList section */
		3B07A98F2533598200129A7B /* Build configuration list for PBXProject "Do It Now" */ = {
			isa = XCConfigurationList;
			buildConfigurations = (
				3B07A9A12533598300129A7B /* Debug */,
				3B07A9A22533598300129A7B /* Release */,
			);
			defaultConfigurationIsVisible = 0;
			defaultConfigurationName = Release;
		};
		3B07A9A32533598300129A7B /* Build configuration list for PBXNativeTarget "Do It Now" */ = {
			isa = XCConfigurationList;
			buildConfigurations = (
				3B07A9A42533598300129A7B /* Debug */,
				3B07A9A52533598300129A7B /* Release */,
			);
			defaultConfigurationIsVisible = 0;
			defaultConfigurationName = Release;
		};
/* End XCConfigurationList section */
	};
	rootObject = 3B07A98C2533598200129A7B /* Project object */;
}
